
Microsoft Visual Studio Solution File, Format Version 11.00
# Visual C# Express 2010
Project("{FAE04EC0-301F-11D3-BF4B-00C04F79EFBC}") = "Randomz", "Random\Random\Randomz.csproj", "{7F527821-E51B-4EDD-9710-64FDE85CEB2F}"
EndProject
Project("{FAE04EC0-301F-11D3-BF4B-00C04F79EFBC}") = "RandomzContent", "Random\RandomContent\RandomzContent.contentproj", "{A5EEB1AB-8751-4B56-85F2-EC4719A2398F}"
EndProject
Global
	GlobalSection(SolutionConfigurationPlatforms) = preSolution
		Debug|x86 = Debug|x86
		Release|x86 = Release|x86
	EndGlobalSection
	GlobalSection(ProjectConfigurationPlatforms) = postSolution
		{7F527821-E51B-4EDD-9710-64FDE85CEB2F}.Debug|x86.ActiveCfg = Debug|x86
		{7F527821-E51B-4EDD-9710-64FDE85CEB2F}.Debug|x86.Build.0 = Debug|x86
		{7F527821-E51B-4EDD-9710-64FDE85CEB2F}.Release|x86.ActiveCfg = Release|x86
		{7F527821-E51B-4EDD-9710-64FDE85CEB2F}.Release|x86.Build.0 = Release|x86
		{A5EEB1AB-8751-4B56-85F2-EC4719A2398F}.Debug|x86.ActiveCfg = Debug|x86
		{A5EEB1AB-8751-4B56-85F2-EC4719A2398F}.Release|x86.ActiveCfg = Release|x86
	EndGlobalSection
	GlobalSection(SolutionProperties) = preSolution
		HideSolutionNode = FALSE
	EndGlobalSection
EndGlobal
