
Microsoft Visual Studio Solution File, Format Version 12.00
# Visual Studio 2013
VisualStudioVersion = 12.0.31101.0
MinimumVisualStudioVersion = 10.0.40219.1
Project("{FAE04EC0-301F-11D3-BF4B-00C04F79EFBC}") = "Shoot 'n Loot", "Shoot 'n Loot\Shoot 'n Loot\Shoot 'n Loot.csproj", "{7140BCCD-10F1-4420-B9FA-867A7DB83F90}"
EndProject
Project("{FAE04EC0-301F-11D3-BF4B-00C04F79EFBC}") = "Shoot 'n LootContent", "Shoot 'n Loot\Shoot 'n LootContent\Shoot 'n LootContent.contentproj", "{9744A882-8B7A-438C-8C36-4868B2019C7A}"
EndProject
Global
	GlobalSection(SolutionConfigurationPlatforms) = preSolution
		Debug|x86 = Debug|x86
		Release|x86 = Release|x86
	EndGlobalSection
	GlobalSection(ProjectConfigurationPlatforms) = postSolution
		{7140BCCD-10F1-4420-B9FA-867A7DB83F90}.Debug|x86.ActiveCfg = Debug|x86
		{7140BCCD-10F1-4420-B9FA-867A7DB83F90}.Debug|x86.Build.0 = Debug|x86
		{7140BCCD-10F1-4420-B9FA-867A7DB83F90}.Release|x86.ActiveCfg = Release|x86
		{7140BCCD-10F1-4420-B9FA-867A7DB83F90}.Release|x86.Build.0 = Release|x86
		{9744A882-8B7A-438C-8C36-4868B2019C7A}.Debug|x86.ActiveCfg = Debug|x86
		{9744A882-8B7A-438C-8C36-4868B2019C7A}.Release|x86.ActiveCfg = Release|x86
	EndGlobalSection
	GlobalSection(SolutionProperties) = preSolution
		HideSolutionNode = FALSE
	EndGlobalSection
EndGlobal
